
Microsoft Visual Studio Solution File, Format Version 12.00
# Visual Studio 15
VisualStudioVersion = 15.0.27004.2005
MinimumVisualStudioVersion = 10.0.40219.1
Project("{FAE04EC0-301F-11D3-BF4B-00C04F79EFBC}") = "Axiverse.Examples", "Axiverse.Examples\Axiverse.Examples.csproj", "{C5C53AF6-787F-4544-B919-B458FD11686D}"
EndProject
Project("{FAE04EC0-301F-11D3-BF4B-00C04F79EFBC}") = "Hello World", "Hello World\Hello World.csproj", "{D3E600B1-4CF4-4D0A-A008-9EDAE8ABD867}"
EndProject
Global
	GlobalSection(SolutionConfigurationPlatforms) = preSolution
		Debug|Any CPU = Debug|Any CPU
		Release|Any CPU = Release|Any CPU
	EndGlobalSection
	GlobalSection(ProjectConfigurationPlatforms) = postSolution
		{C5C53AF6-787F-4544-B919-B458FD11686D}.Debug|Any CPU.ActiveCfg = Debug|Any CPU
		{C5C53AF6-787F-4544-B919-B458FD11686D}.Debug|Any CPU.Build.0 = Debug|Any CPU
		{C5C53AF6-787F-4544-B919-B458FD11686D}.Release|Any CPU.ActiveCfg = Release|Any CPU
		{C5C53AF6-787F-4544-B919-B458FD11686D}.Release|Any CPU.Build.0 = Release|Any CPU
		{D3E600B1-4CF4-4D0A-A008-9EDAE8ABD867}.Debug|Any CPU.ActiveCfg = Debug|Any CPU
		{D3E600B1-4CF4-4D0A-A008-9EDAE8ABD867}.Debug|Any CPU.Build.0 = Debug|Any CPU
		{D3E600B1-4CF4-4D0A-A008-9EDAE8ABD867}.Release|Any CPU.ActiveCfg = Release|Any CPU
		{D3E600B1-4CF4-4D0A-A008-9EDAE8ABD867}.Release|Any CPU.Build.0 = Release|Any CPU
	EndGlobalSection
	GlobalSection(SolutionProperties) = preSolution
		HideSolutionNode = FALSE
	EndGlobalSection
	GlobalSection(ExtensibilityGlobals) = postSolution
		SolutionGuid = {1858704F-2A56-4914-8643-6B3F7D1EE631}
	EndGlobalSection
EndGlobal
