
Microsoft Visual Studio Solution File, Format Version 12.00
# Visual Studio 15
VisualStudioVersion = 15.0.27004.2010
MinimumVisualStudioVersion = 10.0.40219.1
Project("{FAE04EC0-301F-11D3-BF4B-00C04F79EFBC}") = "Axiverse", "Axiverse\Axiverse.csproj", "{F00060A0-3A63-485C-929B-5F206EE743EF}"
EndProject
Project("{FAE04EC0-301F-11D3-BF4B-00C04F79EFBC}") = "Axiverse.Simulation", "Axiverse.Simulation\Axiverse.Simulation.csproj", "{C4E9D638-21F4-4451-B9AA-362B7BFBDC98}"
EndProject
Project("{FAE04EC0-301F-11D3-BF4B-00C04F79EFBC}") = "Axiverse.Mathematics", "Axiverse.Mathematics\Axiverse.Mathematics.csproj", "{700D5AB7-622F-443E-AE55-D51556EC88BD}"
EndProject
Project("{FAE04EC0-301F-11D3-BF4B-00C04F79EFBC}") = "Axiverse.Interface", "Axiverse.Interface\Axiverse.Interface.csproj", "{A95E24EB-7271-460A-A49D-A56F71F44B5F}"
EndProject
Project("{FAE04EC0-301F-11D3-BF4B-00C04F79EFBC}") = "Axiverse.Computing", "Axiverse.Computing\Axiverse.Computing.csproj", "{3C0724AB-B232-44D0-A265-FBD4A36754DB}"
EndProject
Project("{FAE04EC0-301F-11D3-BF4B-00C04F79EFBC}") = "Axiverse.Resources", "Axiverse.Resources\Axiverse.Resources.csproj", "{DB2FCC23-BEFB-44CD-8F9B-EC1702AEDF57}"
EndProject
Project("{FAE04EC0-301F-11D3-BF4B-00C04F79EFBC}") = "Axiverse.Simulation.Physics", "Axiverse.Simulation.Physics\Axiverse.Simulation.Physics.csproj", "{8509BDC3-C3BE-424D-A027-C7B50AFC5BFA}"
EndProject
Project("{2150E333-8FDC-42A3-9474-1A3956D46DE8}") = "Examples", "Examples", "{927FED4B-50ED-4FFB-A790-5624F5519777}"
EndProject
Project("{FAE04EC0-301F-11D3-BF4B-00C04F79EFBC}") = "Hello World", "..\Examples\Hello World\Hello World.csproj", "{D3E600B1-4CF4-4D0A-A008-9EDAE8ABD867}"
EndProject
Project("{FAE04EC0-301F-11D3-BF4B-00C04F79EFBC}") = "Axiverse.Interface.Graphics", "Axiverse.Interface.Graphics\Axiverse.Interface.Graphics.csproj", "{CAB0BBC2-A6EB-4065-9E71-FD86746696C2}"
EndProject
Project("{FAE04EC0-301F-11D3-BF4B-00C04F79EFBC}") = "HelloGraphics", "..\Examples\HelloGraphics\HelloGraphics.csproj", "{B79A989D-F5BA-441D-91BD-AF6AE025D30D}"
EndProject
Global
	GlobalSection(SolutionConfigurationPlatforms) = preSolution
		Debug|Any CPU = Debug|Any CPU
		Release|Any CPU = Release|Any CPU
	EndGlobalSection
	GlobalSection(ProjectConfigurationPlatforms) = postSolution
		{F00060A0-3A63-485C-929B-5F206EE743EF}.Debug|Any CPU.ActiveCfg = Debug|Any CPU
		{F00060A0-3A63-485C-929B-5F206EE743EF}.Debug|Any CPU.Build.0 = Debug|Any CPU
		{F00060A0-3A63-485C-929B-5F206EE743EF}.Release|Any CPU.ActiveCfg = Release|Any CPU
		{F00060A0-3A63-485C-929B-5F206EE743EF}.Release|Any CPU.Build.0 = Release|Any CPU
		{C4E9D638-21F4-4451-B9AA-362B7BFBDC98}.Debug|Any CPU.ActiveCfg = Debug|Any CPU
		{C4E9D638-21F4-4451-B9AA-362B7BFBDC98}.Debug|Any CPU.Build.0 = Debug|Any CPU
		{C4E9D638-21F4-4451-B9AA-362B7BFBDC98}.Release|Any CPU.ActiveCfg = Release|Any CPU
		{C4E9D638-21F4-4451-B9AA-362B7BFBDC98}.Release|Any CPU.Build.0 = Release|Any CPU
		{700D5AB7-622F-443E-AE55-D51556EC88BD}.Debug|Any CPU.ActiveCfg = Debug|Any CPU
		{700D5AB7-622F-443E-AE55-D51556EC88BD}.Debug|Any CPU.Build.0 = Debug|Any CPU
		{700D5AB7-622F-443E-AE55-D51556EC88BD}.Release|Any CPU.ActiveCfg = Release|Any CPU
		{700D5AB7-622F-443E-AE55-D51556EC88BD}.Release|Any CPU.Build.0 = Release|Any CPU
		{A95E24EB-7271-460A-A49D-A56F71F44B5F}.Debug|Any CPU.ActiveCfg = Debug|Any CPU
		{A95E24EB-7271-460A-A49D-A56F71F44B5F}.Debug|Any CPU.Build.0 = Debug|Any CPU
		{A95E24EB-7271-460A-A49D-A56F71F44B5F}.Release|Any CPU.ActiveCfg = Release|Any CPU
		{A95E24EB-7271-460A-A49D-A56F71F44B5F}.Release|Any CPU.Build.0 = Release|Any CPU
		{3C0724AB-B232-44D0-A265-FBD4A36754DB}.Debug|Any CPU.ActiveCfg = Debug|Any CPU
		{3C0724AB-B232-44D0-A265-FBD4A36754DB}.Debug|Any CPU.Build.0 = Debug|Any CPU
		{3C0724AB-B232-44D0-A265-FBD4A36754DB}.Release|Any CPU.ActiveCfg = Release|Any CPU
		{3C0724AB-B232-44D0-A265-FBD4A36754DB}.Release|Any CPU.Build.0 = Release|Any CPU
		{DB2FCC23-BEFB-44CD-8F9B-EC1702AEDF57}.Debug|Any CPU.ActiveCfg = Debug|Any CPU
		{DB2FCC23-BEFB-44CD-8F9B-EC1702AEDF57}.Debug|Any CPU.Build.0 = Debug|Any CPU
		{DB2FCC23-BEFB-44CD-8F9B-EC1702AEDF57}.Release|Any CPU.ActiveCfg = Release|Any CPU
		{DB2FCC23-BEFB-44CD-8F9B-EC1702AEDF57}.Release|Any CPU.Build.0 = Release|Any CPU
		{8509BDC3-C3BE-424D-A027-C7B50AFC5BFA}.Debug|Any CPU.ActiveCfg = Debug|Any CPU
		{8509BDC3-C3BE-424D-A027-C7B50AFC5BFA}.Debug|Any CPU.Build.0 = Debug|Any CPU
		{8509BDC3-C3BE-424D-A027-C7B50AFC5BFA}.Release|Any CPU.ActiveCfg = Release|Any CPU
		{8509BDC3-C3BE-424D-A027-C7B50AFC5BFA}.Release|Any CPU.Build.0 = Release|Any CPU
		{D3E600B1-4CF4-4D0A-A008-9EDAE8ABD867}.Debug|Any CPU.ActiveCfg = Debug|Any CPU
		{D3E600B1-4CF4-4D0A-A008-9EDAE8ABD867}.Debug|Any CPU.Build.0 = Debug|Any CPU
		{D3E600B1-4CF4-4D0A-A008-9EDAE8ABD867}.Release|Any CPU.ActiveCfg = Release|Any CPU
		{D3E600B1-4CF4-4D0A-A008-9EDAE8ABD867}.Release|Any CPU.Build.0 = Release|Any CPU
		{CAB0BBC2-A6EB-4065-9E71-FD86746696C2}.Debug|Any CPU.ActiveCfg = Debug|Any CPU
		{CAB0BBC2-A6EB-4065-9E71-FD86746696C2}.Debug|Any CPU.Build.0 = Debug|Any CPU
		{CAB0BBC2-A6EB-4065-9E71-FD86746696C2}.Release|Any CPU.ActiveCfg = Release|Any CPU
		{CAB0BBC2-A6EB-4065-9E71-FD86746696C2}.Release|Any CPU.Build.0 = Release|Any CPU
		{B79A989D-F5BA-441D-91BD-AF6AE025D30D}.Debug|Any CPU.ActiveCfg = Debug|Any CPU
		{B79A989D-F5BA-441D-91BD-AF6AE025D30D}.Debug|Any CPU.Build.0 = Debug|Any CPU
		{B79A989D-F5BA-441D-91BD-AF6AE025D30D}.Release|Any CPU.ActiveCfg = Release|Any CPU
		{B79A989D-F5BA-441D-91BD-AF6AE025D30D}.Release|Any CPU.Build.0 = Release|Any CPU
	EndGlobalSection
	GlobalSection(SolutionProperties) = preSolution
		HideSolutionNode = FALSE
	EndGlobalSection
	GlobalSection(NestedProjects) = preSolution
		{D3E600B1-4CF4-4D0A-A008-9EDAE8ABD867} = {927FED4B-50ED-4FFB-A790-5624F5519777}
		{B79A989D-F5BA-441D-91BD-AF6AE025D30D} = {927FED4B-50ED-4FFB-A790-5624F5519777}
	EndGlobalSection
	GlobalSection(ExtensibilityGlobals) = postSolution
		SolutionGuid = {CA2998DE-E2E3-44CE-8F1A-AF68572B3E0D}
	EndGlobalSection
EndGlobal
