
Microsoft Visual Studio Solution File, Format Version 12.00
# Visual Studio 15
VisualStudioVersion = 15.0.27004.2005
MinimumVisualStudioVersion = 10.0.40219.1
Project("{2150E333-8FDC-42A3-9474-1A3956D46DE8}") = "Examples", "Examples", "{927FED4B-50ED-4FFB-A790-5624F5519777}"
EndProject
Project("{2150E333-8FDC-42A3-9474-1A3956D46DE8}") = "Tests", "Tests", "{9463CAC4-EC1A-4B44-BEDE-A67DF266AC1B}"
EndProject
Project("{2150E333-8FDC-42A3-9474-1A3956D46DE8}") = "Services", "Services", "{E0C0FCA7-0649-4401-847A-46F2D5104DB9}"
EndProject
Project("{FAE04EC0-301F-11D3-BF4B-00C04F79EFBC}") = "Hello Graphics", "Examples\Hello Graphics\Hello Graphics.csproj", "{B79A989D-F5BA-441D-91BD-AF6AE025D30D}"
EndProject
Project("{2150E333-8FDC-42A3-9474-1A3956D46DE8}") = "Libraries", "Libraries", "{AAE6C854-9031-4394-9995-EE38B6088F37}"
	ProjectSection(SolutionItems) = preProject
		TODO.md = TODO.md
	EndProjectSection
EndProject
Project("{2150E333-8FDC-42A3-9474-1A3956D46DE8}") = "Utilities", "Utilities", "{F3447404-FFFF-4649-8407-DEBC6370C676}"
EndProject
Project("{FAE04EC0-301F-11D3-BF4B-00C04F79EFBC}") = "Axiverse.Services.Proto", "Services\Axiverse.Services.Proto\Axiverse.Services.Proto.csproj", "{D5ACDEBB-41EB-4286-B5E3-34506DAAA001}"
EndProject
Project("{FAE04EC0-301F-11D3-BF4B-00C04F79EFBC}") = "Axiverse.Services.IdentityService", "Services\Axiverse.Services.IdentityService\Axiverse.Services.IdentityService.csproj", "{A9CCD2F2-2FC0-4DF1-B854-6334E2B32D77}"
EndProject
Project("{FAE04EC0-301F-11D3-BF4B-00C04F79EFBC}") = "Axiverse", "Libraries\Axiverse\Axiverse.csproj", "{F00060A0-3A63-485C-929B-5F206EE743EF}"
EndProject
Project("{FAE04EC0-301F-11D3-BF4B-00C04F79EFBC}") = "Axiverse.Computing", "Libraries\Axiverse.Computing\Axiverse.Computing.csproj", "{3C0724AB-B232-44D0-A265-FBD4A36754DB}"
EndProject
Project("{FAE04EC0-301F-11D3-BF4B-00C04F79EFBC}") = "Axiverse.Identity", "Libraries\Axiverse.Identity\Axiverse.Identity.csproj", "{4925A907-0AD8-4818-9DF7-F7F85F391C40}"
EndProject
Project("{FAE04EC0-301F-11D3-BF4B-00C04F79EFBC}") = "Axiverse.Interface.Audio", "Libraries\Axiverse.Interface.Audio\Axiverse.Interface.Audio.csproj", "{F4783BB9-02A3-4FB7-864F-3B94219519E3}"
EndProject
Project("{FAE04EC0-301F-11D3-BF4B-00C04F79EFBC}") = "Axiverse.Interface.Graphics", "Libraries\Axiverse.Interface.Graphics\Axiverse.Interface.Graphics.csproj", "{CAB0BBC2-A6EB-4065-9E71-FD86746696C2}"
EndProject
Project("{FAE04EC0-301F-11D3-BF4B-00C04F79EFBC}") = "Axiverse.Interface.Windows", "Libraries\Axiverse.Interface.Windows\Axiverse.Interface.Windows.csproj", "{4CED344E-8BAC-48CB-AC37-A2C4AD7FFE02}"
EndProject
Project("{FAE04EC0-301F-11D3-BF4B-00C04F79EFBC}") = "Axiverse.Interface", "Libraries\Axiverse.Interface\Axiverse.Interface.csproj", "{B4894EA0-719A-4D14-9024-00F7FCA0E81B}"
EndProject
Project("{FAE04EC0-301F-11D3-BF4B-00C04F79EFBC}") = "Axiverse.Market", "Libraries\Axiverse.Market\Axiverse.Market.csproj", "{64A4BB2E-67F7-4BAE-AAFE-747B660CD3D1}"
EndProject
Project("{FAE04EC0-301F-11D3-BF4B-00C04F79EFBC}") = "Axiverse.Mathematics", "Libraries\Axiverse.Mathematics\Axiverse.Mathematics.csproj", "{700D5AB7-622F-443E-AE55-D51556EC88BD}"
EndProject
Project("{FAE04EC0-301F-11D3-BF4B-00C04F79EFBC}") = "Axiverse.Physics", "Libraries\Axiverse.Physics\Axiverse.Physics.csproj", "{8509BDC3-C3BE-424D-A027-C7B50AFC5BFA}"
EndProject
Project("{FAE04EC0-301F-11D3-BF4B-00C04F79EFBC}") = "Axiverse.Resources", "Libraries\Axiverse.Resources\Axiverse.Resources.csproj", "{DB2FCC23-BEFB-44CD-8F9B-EC1702AEDF57}"
EndProject
Project("{FAE04EC0-301F-11D3-BF4B-00C04F79EFBC}") = "Axiverse.Simulation", "Libraries\Axiverse.Simulation\Axiverse.Simulation.csproj", "{C4E9D638-21F4-4451-B9AA-362B7BFBDC98}"
EndProject
Project("{FAE04EC0-301F-11D3-BF4B-00C04F79EFBC}") = "Axiverse.Services.EntityService", "Services\Axiverse.Services.EntityService\Axiverse.Services.EntityService.csproj", "{21503EE2-6EB3-425E-A0AC-DC8B892D96F6}"
EndProject
Project("{FAE04EC0-301F-11D3-BF4B-00C04F79EFBC}") = "Axiverse.Services.ChatService", "Services\Axiverse.Services.ChatService\Axiverse.Services.ChatService.csproj", "{6E30AC56-43A5-4D2A-BB9B-CD259EDA7591}"
EndProject
Project("{FAE04EC0-301F-11D3-BF4B-00C04F79EFBC}") = "Axiverse.Utilities.Cli", "Utilities\Axiverse.Utilities.Cli\Axiverse.Utilities.Cli.csproj", "{594D60D7-15AF-4CB3-BEEB-1017E624D08C}"
EndProject
Project("{2150E333-8FDC-42A3-9474-1A3956D46DE8}") = "Client", "Client", "{F3210600-0254-4B9E-93F2-78820B9C3FE1}"
EndProject
Project("{FAE04EC0-301F-11D3-BF4B-00C04F79EFBC}") = "Axiverse.Mathematics.Symbolics", "Libraries\Axiverse.Mathematics.Symbolics\Axiverse.Mathematics.Symbolics.csproj", "{91B354D2-62AE-46F7-9D52-FE84E568E1C5}"
EndProject
Project("{FAE04EC0-301F-11D3-BF4B-00C04F79EFBC}") = "Axiverse.Mathematics.Numerics", "Libraries\Axiverse.Mathematics.Numerics\Axiverse.Mathematics.Numerics.csproj", "{778BF63B-456A-4F5B-8057-487F5A053006}"
EndProject
Project("{FAE04EC0-301F-11D3-BF4B-00C04F79EFBC}") = "Axiverse.Code", "Libraries\Axiverse.Code\Axiverse.Code.csproj", "{763C0CC5-3E07-4AE2-8846-FE3B919D1B3A}"
EndProject
Project("{FAE04EC0-301F-11D3-BF4B-00C04F79EFBC}") = "Axiverse.Interface.Assets", "Libraries\Axiverse.Interface.Assets\Axiverse.Interface.Assets.csproj", "{CD0ED517-2595-413D-9822-2B33A7876842}"
EndProject
Project("{FAE04EC0-301F-11D3-BF4B-00C04F79EFBC}") = "Axiverse.Simulation.Tests", "Tests\Axiverse.Simulation.Tests\Axiverse.Simulation.Tests.csproj", "{05197E1E-8C28-4DA9-9DD8-A8C95C8238B0}"
EndProject
Project("{FAE04EC0-301F-11D3-BF4B-00C04F79EFBC}") = "Axiverse.Resources.Tests", "Tests\Axiverse.Resources.Tests\Axiverse.Resources.Tests.csproj", "{04225F22-1D1E-4599-A498-E90CE8414D1E}"
EndProject
Project("{FAE04EC0-301F-11D3-BF4B-00C04F79EFBC}") = "Axiverse.Mathematics.Tests", "Tests\Axiverse.Mathematics.Tests\Axiverse.Mathematics.Tests.csproj", "{86FC31C7-F972-4AED-9216-EF1C224065D9}"
EndProject
Project("{FAE04EC0-301F-11D3-BF4B-00C04F79EFBC}") = "Axiverse.Physics.Tests", "Tests\Axiverse.Physics.Tests\Axiverse.Physics.Tests.csproj", "{63E2639E-CA6C-49CF-AC2A-BE1D82574718}"
EndProject
Project("{FAE04EC0-301F-11D3-BF4B-00C04F79EFBC}") = "Axiverse.Calibration", "Libraries\Axiverse.Calibration\Axiverse.Calibration.csproj", "{AE0262F6-63FC-45AF-BBFD-9F0916D4AD23}"
EndProject
Project("{FAE04EC0-301F-11D3-BF4B-00C04F79EFBC}") = "Axiverse.Interface.Input", "Libraries\Axiverse.Interface.Input\Axiverse.Interface.Input.csproj", "{C9160E27-003A-466B-BB08-A51435D509AA}"
EndProject
Project("{FAE04EC0-301F-11D3-BF4B-00C04F79EFBC}") = "Hello Input", "Examples\Hello Input\Hello Input.csproj", "{C0D84302-9BB3-4AD0-9CEB-3CA7EFFF5F4D}"
EndProject
Project("{FAE04EC0-301F-11D3-BF4B-00C04F79EFBC}") = "Hello Code", "Examples\Hello Code\Hello Code.csproj", "{FEB79DD3-BDCD-4A92-A49C-81C2181319FB}"
EndProject
Project("{FAE04EC0-301F-11D3-BF4B-00C04F79EFBC}") = "Hello Computer", "Examples\Hello Computer\Hello Computer.csproj", "{A1F91D38-124C-4AE6-9BB2-FD668FDEBA39}"
EndProject
Project("{2150E333-8FDC-42A3-9474-1A3956D46DE8}") = "Deployment", "Deployment", "{30F4E4F2-CBE5-461F-99BE-ECD77E691898}"
	ProjectSection(SolutionItems) = preProject
		Deployment.md = Deployment.md
	EndProjectSection
EndProject
Project("{FAE04EC0-301F-11D3-BF4B-00C04F79EFBC}") = "Bridge", "Deployment\Bridge\Bridge.csproj", "{3D826B2A-BAC8-42D4-8B7F-84E66C82864B}"
EndProject
Project("{FAE04EC0-301F-11D3-BF4B-00C04F79EFBC}") = "Axiverse.Mathematics.Geometry", "Libraries\Axiverse.Mathematics.Geometry\Axiverse.Mathematics.Geometry.csproj", "{BD10941E-997A-450B-9D91-392FF39B9F9F}"
EndProject
Project("{FAE04EC0-301F-11D3-BF4B-00C04F79EFBC}") = "Calibration", "Deployment\Calibration\Calibration.csproj", "{660912D6-5032-479A-8F22-4DE44DE1FD48}"
	ProjectSection(ProjectDependencies) = postProject
		{6E30AC56-43A5-4D2A-BB9B-CD259EDA7591} = {6E30AC56-43A5-4D2A-BB9B-CD259EDA7591}
		{21503EE2-6EB3-425E-A0AC-DC8B892D96F6} = {21503EE2-6EB3-425E-A0AC-DC8B892D96F6}
		{A9CCD2F2-2FC0-4DF1-B854-6334E2B32D77} = {A9CCD2F2-2FC0-4DF1-B854-6334E2B32D77}
	EndProjectSection
EndProject
Project("{FAE04EC0-301F-11D3-BF4B-00C04F79EFBC}") = "Axiverse.Computing.Tests", "Tests\Axiverse.Computing.Tests\Axiverse.Computing.Tests.csproj", "{28B64E7D-0EF4-45D7-AA73-C1FF5F9F94EF}"
EndProject
Project("{FAE04EC0-301F-11D3-BF4B-00C04F79EFBC}") = "Hello Symbolics", "Examples\Hello Symbolics\Hello Symbolics.csproj", "{675E2A2F-3115-436D-B4D0-B5D80CC04553}"
EndProject
Project("{FAE04EC0-301F-11D3-BF4B-00C04F79EFBC}") = "Services", "Deployment\Services\Services.csproj", "{C85E1444-83D0-4120-A789-7671D5C8A560}"
EndProject
Project("{FAE04EC0-301F-11D3-BF4B-00C04F79EFBC}") = "Axiverse.Services", "Services\Axiverse.Services\Axiverse.Services.csproj", "{F63C4B60-A3AE-4C54-910C-A46FD2D1A409}"
EndProject
Global
	GlobalSection(SolutionConfigurationPlatforms) = preSolution
		Debug|Any CPU = Debug|Any CPU
		Release|Any CPU = Release|Any CPU
	EndGlobalSection
	GlobalSection(ProjectConfigurationPlatforms) = postSolution
		{B79A989D-F5BA-441D-91BD-AF6AE025D30D}.Debug|Any CPU.ActiveCfg = Debug|Any CPU
		{B79A989D-F5BA-441D-91BD-AF6AE025D30D}.Debug|Any CPU.Build.0 = Debug|Any CPU
		{B79A989D-F5BA-441D-91BD-AF6AE025D30D}.Release|Any CPU.ActiveCfg = Release|Any CPU
		{B79A989D-F5BA-441D-91BD-AF6AE025D30D}.Release|Any CPU.Build.0 = Release|Any CPU
		{D5ACDEBB-41EB-4286-B5E3-34506DAAA001}.Debug|Any CPU.ActiveCfg = Debug|Any CPU
		{D5ACDEBB-41EB-4286-B5E3-34506DAAA001}.Debug|Any CPU.Build.0 = Debug|Any CPU
		{D5ACDEBB-41EB-4286-B5E3-34506DAAA001}.Release|Any CPU.ActiveCfg = Release|Any CPU
		{D5ACDEBB-41EB-4286-B5E3-34506DAAA001}.Release|Any CPU.Build.0 = Release|Any CPU
		{A9CCD2F2-2FC0-4DF1-B854-6334E2B32D77}.Debug|Any CPU.ActiveCfg = Debug|Any CPU
		{A9CCD2F2-2FC0-4DF1-B854-6334E2B32D77}.Debug|Any CPU.Build.0 = Debug|Any CPU
		{A9CCD2F2-2FC0-4DF1-B854-6334E2B32D77}.Release|Any CPU.ActiveCfg = Release|Any CPU
		{A9CCD2F2-2FC0-4DF1-B854-6334E2B32D77}.Release|Any CPU.Build.0 = Release|Any CPU
		{F00060A0-3A63-485C-929B-5F206EE743EF}.Debug|Any CPU.ActiveCfg = Debug|Any CPU
		{F00060A0-3A63-485C-929B-5F206EE743EF}.Debug|Any CPU.Build.0 = Debug|Any CPU
		{F00060A0-3A63-485C-929B-5F206EE743EF}.Release|Any CPU.ActiveCfg = Release|Any CPU
		{F00060A0-3A63-485C-929B-5F206EE743EF}.Release|Any CPU.Build.0 = Release|Any CPU
		{3C0724AB-B232-44D0-A265-FBD4A36754DB}.Debug|Any CPU.ActiveCfg = Debug|Any CPU
		{3C0724AB-B232-44D0-A265-FBD4A36754DB}.Debug|Any CPU.Build.0 = Debug|Any CPU
		{3C0724AB-B232-44D0-A265-FBD4A36754DB}.Release|Any CPU.ActiveCfg = Release|Any CPU
		{3C0724AB-B232-44D0-A265-FBD4A36754DB}.Release|Any CPU.Build.0 = Release|Any CPU
		{4925A907-0AD8-4818-9DF7-F7F85F391C40}.Debug|Any CPU.ActiveCfg = Debug|Any CPU
		{4925A907-0AD8-4818-9DF7-F7F85F391C40}.Debug|Any CPU.Build.0 = Debug|Any CPU
		{4925A907-0AD8-4818-9DF7-F7F85F391C40}.Release|Any CPU.ActiveCfg = Release|Any CPU
		{4925A907-0AD8-4818-9DF7-F7F85F391C40}.Release|Any CPU.Build.0 = Release|Any CPU
		{F4783BB9-02A3-4FB7-864F-3B94219519E3}.Debug|Any CPU.ActiveCfg = Debug|Any CPU
		{F4783BB9-02A3-4FB7-864F-3B94219519E3}.Debug|Any CPU.Build.0 = Debug|Any CPU
		{F4783BB9-02A3-4FB7-864F-3B94219519E3}.Release|Any CPU.ActiveCfg = Release|Any CPU
		{F4783BB9-02A3-4FB7-864F-3B94219519E3}.Release|Any CPU.Build.0 = Release|Any CPU
		{CAB0BBC2-A6EB-4065-9E71-FD86746696C2}.Debug|Any CPU.ActiveCfg = Debug|Any CPU
		{CAB0BBC2-A6EB-4065-9E71-FD86746696C2}.Debug|Any CPU.Build.0 = Debug|Any CPU
		{CAB0BBC2-A6EB-4065-9E71-FD86746696C2}.Release|Any CPU.ActiveCfg = Release|Any CPU
		{CAB0BBC2-A6EB-4065-9E71-FD86746696C2}.Release|Any CPU.Build.0 = Release|Any CPU
		{4CED344E-8BAC-48CB-AC37-A2C4AD7FFE02}.Debug|Any CPU.ActiveCfg = Debug|Any CPU
		{4CED344E-8BAC-48CB-AC37-A2C4AD7FFE02}.Debug|Any CPU.Build.0 = Debug|Any CPU
		{4CED344E-8BAC-48CB-AC37-A2C4AD7FFE02}.Release|Any CPU.ActiveCfg = Release|Any CPU
		{4CED344E-8BAC-48CB-AC37-A2C4AD7FFE02}.Release|Any CPU.Build.0 = Release|Any CPU
		{B4894EA0-719A-4D14-9024-00F7FCA0E81B}.Debug|Any CPU.ActiveCfg = Debug|Any CPU
		{B4894EA0-719A-4D14-9024-00F7FCA0E81B}.Debug|Any CPU.Build.0 = Debug|Any CPU
		{B4894EA0-719A-4D14-9024-00F7FCA0E81B}.Release|Any CPU.ActiveCfg = Release|Any CPU
		{B4894EA0-719A-4D14-9024-00F7FCA0E81B}.Release|Any CPU.Build.0 = Release|Any CPU
		{64A4BB2E-67F7-4BAE-AAFE-747B660CD3D1}.Debug|Any CPU.ActiveCfg = Debug|Any CPU
		{64A4BB2E-67F7-4BAE-AAFE-747B660CD3D1}.Debug|Any CPU.Build.0 = Debug|Any CPU
		{64A4BB2E-67F7-4BAE-AAFE-747B660CD3D1}.Release|Any CPU.ActiveCfg = Release|Any CPU
		{64A4BB2E-67F7-4BAE-AAFE-747B660CD3D1}.Release|Any CPU.Build.0 = Release|Any CPU
		{700D5AB7-622F-443E-AE55-D51556EC88BD}.Debug|Any CPU.ActiveCfg = Debug|Any CPU
		{700D5AB7-622F-443E-AE55-D51556EC88BD}.Debug|Any CPU.Build.0 = Debug|Any CPU
		{700D5AB7-622F-443E-AE55-D51556EC88BD}.Release|Any CPU.ActiveCfg = Release|Any CPU
		{700D5AB7-622F-443E-AE55-D51556EC88BD}.Release|Any CPU.Build.0 = Release|Any CPU
		{8509BDC3-C3BE-424D-A027-C7B50AFC5BFA}.Debug|Any CPU.ActiveCfg = Debug|Any CPU
		{8509BDC3-C3BE-424D-A027-C7B50AFC5BFA}.Debug|Any CPU.Build.0 = Debug|Any CPU
		{8509BDC3-C3BE-424D-A027-C7B50AFC5BFA}.Release|Any CPU.ActiveCfg = Release|Any CPU
		{8509BDC3-C3BE-424D-A027-C7B50AFC5BFA}.Release|Any CPU.Build.0 = Release|Any CPU
		{DB2FCC23-BEFB-44CD-8F9B-EC1702AEDF57}.Debug|Any CPU.ActiveCfg = Debug|Any CPU
		{DB2FCC23-BEFB-44CD-8F9B-EC1702AEDF57}.Debug|Any CPU.Build.0 = Debug|Any CPU
		{DB2FCC23-BEFB-44CD-8F9B-EC1702AEDF57}.Release|Any CPU.ActiveCfg = Release|Any CPU
		{DB2FCC23-BEFB-44CD-8F9B-EC1702AEDF57}.Release|Any CPU.Build.0 = Release|Any CPU
		{C4E9D638-21F4-4451-B9AA-362B7BFBDC98}.Debug|Any CPU.ActiveCfg = Debug|Any CPU
		{C4E9D638-21F4-4451-B9AA-362B7BFBDC98}.Debug|Any CPU.Build.0 = Debug|Any CPU
		{C4E9D638-21F4-4451-B9AA-362B7BFBDC98}.Release|Any CPU.ActiveCfg = Release|Any CPU
		{C4E9D638-21F4-4451-B9AA-362B7BFBDC98}.Release|Any CPU.Build.0 = Release|Any CPU
		{21503EE2-6EB3-425E-A0AC-DC8B892D96F6}.Debug|Any CPU.ActiveCfg = Debug|Any CPU
		{21503EE2-6EB3-425E-A0AC-DC8B892D96F6}.Debug|Any CPU.Build.0 = Debug|Any CPU
		{21503EE2-6EB3-425E-A0AC-DC8B892D96F6}.Release|Any CPU.ActiveCfg = Release|Any CPU
		{21503EE2-6EB3-425E-A0AC-DC8B892D96F6}.Release|Any CPU.Build.0 = Release|Any CPU
		{6E30AC56-43A5-4D2A-BB9B-CD259EDA7591}.Debug|Any CPU.ActiveCfg = Debug|Any CPU
		{6E30AC56-43A5-4D2A-BB9B-CD259EDA7591}.Debug|Any CPU.Build.0 = Debug|Any CPU
		{6E30AC56-43A5-4D2A-BB9B-CD259EDA7591}.Release|Any CPU.ActiveCfg = Release|Any CPU
		{6E30AC56-43A5-4D2A-BB9B-CD259EDA7591}.Release|Any CPU.Build.0 = Release|Any CPU
		{594D60D7-15AF-4CB3-BEEB-1017E624D08C}.Debug|Any CPU.ActiveCfg = Debug|Any CPU
		{594D60D7-15AF-4CB3-BEEB-1017E624D08C}.Debug|Any CPU.Build.0 = Debug|Any CPU
		{594D60D7-15AF-4CB3-BEEB-1017E624D08C}.Release|Any CPU.ActiveCfg = Release|Any CPU
		{594D60D7-15AF-4CB3-BEEB-1017E624D08C}.Release|Any CPU.Build.0 = Release|Any CPU
		{91B354D2-62AE-46F7-9D52-FE84E568E1C5}.Debug|Any CPU.ActiveCfg = Debug|Any CPU
		{91B354D2-62AE-46F7-9D52-FE84E568E1C5}.Debug|Any CPU.Build.0 = Debug|Any CPU
		{91B354D2-62AE-46F7-9D52-FE84E568E1C5}.Release|Any CPU.ActiveCfg = Release|Any CPU
		{91B354D2-62AE-46F7-9D52-FE84E568E1C5}.Release|Any CPU.Build.0 = Release|Any CPU
		{778BF63B-456A-4F5B-8057-487F5A053006}.Debug|Any CPU.ActiveCfg = Debug|Any CPU
		{778BF63B-456A-4F5B-8057-487F5A053006}.Debug|Any CPU.Build.0 = Debug|Any CPU
		{778BF63B-456A-4F5B-8057-487F5A053006}.Release|Any CPU.ActiveCfg = Release|Any CPU
		{778BF63B-456A-4F5B-8057-487F5A053006}.Release|Any CPU.Build.0 = Release|Any CPU
		{763C0CC5-3E07-4AE2-8846-FE3B919D1B3A}.Debug|Any CPU.ActiveCfg = Debug|Any CPU
		{763C0CC5-3E07-4AE2-8846-FE3B919D1B3A}.Debug|Any CPU.Build.0 = Debug|Any CPU
		{763C0CC5-3E07-4AE2-8846-FE3B919D1B3A}.Release|Any CPU.ActiveCfg = Release|Any CPU
		{763C0CC5-3E07-4AE2-8846-FE3B919D1B3A}.Release|Any CPU.Build.0 = Release|Any CPU
		{CD0ED517-2595-413D-9822-2B33A7876842}.Debug|Any CPU.ActiveCfg = Debug|Any CPU
		{CD0ED517-2595-413D-9822-2B33A7876842}.Debug|Any CPU.Build.0 = Debug|Any CPU
		{CD0ED517-2595-413D-9822-2B33A7876842}.Release|Any CPU.ActiveCfg = Release|Any CPU
		{CD0ED517-2595-413D-9822-2B33A7876842}.Release|Any CPU.Build.0 = Release|Any CPU
		{05197E1E-8C28-4DA9-9DD8-A8C95C8238B0}.Debug|Any CPU.ActiveCfg = Debug|Any CPU
		{05197E1E-8C28-4DA9-9DD8-A8C95C8238B0}.Debug|Any CPU.Build.0 = Debug|Any CPU
		{05197E1E-8C28-4DA9-9DD8-A8C95C8238B0}.Release|Any CPU.ActiveCfg = Release|Any CPU
		{05197E1E-8C28-4DA9-9DD8-A8C95C8238B0}.Release|Any CPU.Build.0 = Release|Any CPU
		{04225F22-1D1E-4599-A498-E90CE8414D1E}.Debug|Any CPU.ActiveCfg = Debug|Any CPU
		{04225F22-1D1E-4599-A498-E90CE8414D1E}.Debug|Any CPU.Build.0 = Debug|Any CPU
		{04225F22-1D1E-4599-A498-E90CE8414D1E}.Release|Any CPU.ActiveCfg = Release|Any CPU
		{04225F22-1D1E-4599-A498-E90CE8414D1E}.Release|Any CPU.Build.0 = Release|Any CPU
		{86FC31C7-F972-4AED-9216-EF1C224065D9}.Debug|Any CPU.ActiveCfg = Debug|Any CPU
		{86FC31C7-F972-4AED-9216-EF1C224065D9}.Debug|Any CPU.Build.0 = Debug|Any CPU
		{86FC31C7-F972-4AED-9216-EF1C224065D9}.Release|Any CPU.ActiveCfg = Release|Any CPU
		{86FC31C7-F972-4AED-9216-EF1C224065D9}.Release|Any CPU.Build.0 = Release|Any CPU
		{63E2639E-CA6C-49CF-AC2A-BE1D82574718}.Debug|Any CPU.ActiveCfg = Debug|Any CPU
		{63E2639E-CA6C-49CF-AC2A-BE1D82574718}.Debug|Any CPU.Build.0 = Debug|Any CPU
		{63E2639E-CA6C-49CF-AC2A-BE1D82574718}.Release|Any CPU.ActiveCfg = Release|Any CPU
		{63E2639E-CA6C-49CF-AC2A-BE1D82574718}.Release|Any CPU.Build.0 = Release|Any CPU
		{AE0262F6-63FC-45AF-BBFD-9F0916D4AD23}.Debug|Any CPU.ActiveCfg = Debug|Any CPU
		{AE0262F6-63FC-45AF-BBFD-9F0916D4AD23}.Debug|Any CPU.Build.0 = Debug|Any CPU
		{AE0262F6-63FC-45AF-BBFD-9F0916D4AD23}.Release|Any CPU.ActiveCfg = Release|Any CPU
		{AE0262F6-63FC-45AF-BBFD-9F0916D4AD23}.Release|Any CPU.Build.0 = Release|Any CPU
		{C9160E27-003A-466B-BB08-A51435D509AA}.Debug|Any CPU.ActiveCfg = Debug|Any CPU
		{C9160E27-003A-466B-BB08-A51435D509AA}.Debug|Any CPU.Build.0 = Debug|Any CPU
		{C9160E27-003A-466B-BB08-A51435D509AA}.Release|Any CPU.ActiveCfg = Release|Any CPU
		{C9160E27-003A-466B-BB08-A51435D509AA}.Release|Any CPU.Build.0 = Release|Any CPU
		{C0D84302-9BB3-4AD0-9CEB-3CA7EFFF5F4D}.Debug|Any CPU.ActiveCfg = Debug|Any CPU
		{C0D84302-9BB3-4AD0-9CEB-3CA7EFFF5F4D}.Debug|Any CPU.Build.0 = Debug|Any CPU
		{C0D84302-9BB3-4AD0-9CEB-3CA7EFFF5F4D}.Release|Any CPU.ActiveCfg = Release|Any CPU
		{C0D84302-9BB3-4AD0-9CEB-3CA7EFFF5F4D}.Release|Any CPU.Build.0 = Release|Any CPU
		{FEB79DD3-BDCD-4A92-A49C-81C2181319FB}.Debug|Any CPU.ActiveCfg = Debug|Any CPU
		{FEB79DD3-BDCD-4A92-A49C-81C2181319FB}.Debug|Any CPU.Build.0 = Debug|Any CPU
		{FEB79DD3-BDCD-4A92-A49C-81C2181319FB}.Release|Any CPU.ActiveCfg = Release|Any CPU
		{FEB79DD3-BDCD-4A92-A49C-81C2181319FB}.Release|Any CPU.Build.0 = Release|Any CPU
		{A1F91D38-124C-4AE6-9BB2-FD668FDEBA39}.Debug|Any CPU.ActiveCfg = Debug|Any CPU
		{A1F91D38-124C-4AE6-9BB2-FD668FDEBA39}.Debug|Any CPU.Build.0 = Debug|Any CPU
		{A1F91D38-124C-4AE6-9BB2-FD668FDEBA39}.Release|Any CPU.ActiveCfg = Release|Any CPU
		{A1F91D38-124C-4AE6-9BB2-FD668FDEBA39}.Release|Any CPU.Build.0 = Release|Any CPU
		{3D826B2A-BAC8-42D4-8B7F-84E66C82864B}.Debug|Any CPU.ActiveCfg = Debug|Any CPU
		{3D826B2A-BAC8-42D4-8B7F-84E66C82864B}.Debug|Any CPU.Build.0 = Debug|Any CPU
		{3D826B2A-BAC8-42D4-8B7F-84E66C82864B}.Release|Any CPU.ActiveCfg = Release|Any CPU
		{3D826B2A-BAC8-42D4-8B7F-84E66C82864B}.Release|Any CPU.Build.0 = Release|Any CPU
		{BD10941E-997A-450B-9D91-392FF39B9F9F}.Debug|Any CPU.ActiveCfg = Debug|Any CPU
		{BD10941E-997A-450B-9D91-392FF39B9F9F}.Debug|Any CPU.Build.0 = Debug|Any CPU
		{BD10941E-997A-450B-9D91-392FF39B9F9F}.Release|Any CPU.ActiveCfg = Release|Any CPU
		{BD10941E-997A-450B-9D91-392FF39B9F9F}.Release|Any CPU.Build.0 = Release|Any CPU
		{660912D6-5032-479A-8F22-4DE44DE1FD48}.Debug|Any CPU.ActiveCfg = Debug|Any CPU
		{660912D6-5032-479A-8F22-4DE44DE1FD48}.Debug|Any CPU.Build.0 = Debug|Any CPU
		{660912D6-5032-479A-8F22-4DE44DE1FD48}.Release|Any CPU.ActiveCfg = Release|Any CPU
		{660912D6-5032-479A-8F22-4DE44DE1FD48}.Release|Any CPU.Build.0 = Release|Any CPU
		{28B64E7D-0EF4-45D7-AA73-C1FF5F9F94EF}.Debug|Any CPU.ActiveCfg = Debug|Any CPU
		{28B64E7D-0EF4-45D7-AA73-C1FF5F9F94EF}.Debug|Any CPU.Build.0 = Debug|Any CPU
		{28B64E7D-0EF4-45D7-AA73-C1FF5F9F94EF}.Release|Any CPU.ActiveCfg = Release|Any CPU
		{28B64E7D-0EF4-45D7-AA73-C1FF5F9F94EF}.Release|Any CPU.Build.0 = Release|Any CPU
		{675E2A2F-3115-436D-B4D0-B5D80CC04553}.Debug|Any CPU.ActiveCfg = Debug|Any CPU
		{675E2A2F-3115-436D-B4D0-B5D80CC04553}.Debug|Any CPU.Build.0 = Debug|Any CPU
		{675E2A2F-3115-436D-B4D0-B5D80CC04553}.Release|Any CPU.ActiveCfg = Release|Any CPU
		{675E2A2F-3115-436D-B4D0-B5D80CC04553}.Release|Any CPU.Build.0 = Release|Any CPU
		{C85E1444-83D0-4120-A789-7671D5C8A560}.Debug|Any CPU.ActiveCfg = Debug|Any CPU
		{C85E1444-83D0-4120-A789-7671D5C8A560}.Debug|Any CPU.Build.0 = Debug|Any CPU
		{C85E1444-83D0-4120-A789-7671D5C8A560}.Release|Any CPU.ActiveCfg = Release|Any CPU
		{C85E1444-83D0-4120-A789-7671D5C8A560}.Release|Any CPU.Build.0 = Release|Any CPU
		{F63C4B60-A3AE-4C54-910C-A46FD2D1A409}.Debug|Any CPU.ActiveCfg = Debug|Any CPU
		{F63C4B60-A3AE-4C54-910C-A46FD2D1A409}.Debug|Any CPU.Build.0 = Debug|Any CPU
		{F63C4B60-A3AE-4C54-910C-A46FD2D1A409}.Release|Any CPU.ActiveCfg = Release|Any CPU
		{F63C4B60-A3AE-4C54-910C-A46FD2D1A409}.Release|Any CPU.Build.0 = Release|Any CPU
	EndGlobalSection
	GlobalSection(SolutionProperties) = preSolution
		HideSolutionNode = FALSE
	EndGlobalSection
	GlobalSection(NestedProjects) = preSolution
		{E0C0FCA7-0649-4401-847A-46F2D5104DB9} = {AAE6C854-9031-4394-9995-EE38B6088F37}
		{B79A989D-F5BA-441D-91BD-AF6AE025D30D} = {927FED4B-50ED-4FFB-A790-5624F5519777}
		{D5ACDEBB-41EB-4286-B5E3-34506DAAA001} = {E0C0FCA7-0649-4401-847A-46F2D5104DB9}
		{A9CCD2F2-2FC0-4DF1-B854-6334E2B32D77} = {E0C0FCA7-0649-4401-847A-46F2D5104DB9}
		{F00060A0-3A63-485C-929B-5F206EE743EF} = {AAE6C854-9031-4394-9995-EE38B6088F37}
		{3C0724AB-B232-44D0-A265-FBD4A36754DB} = {AAE6C854-9031-4394-9995-EE38B6088F37}
		{4925A907-0AD8-4818-9DF7-F7F85F391C40} = {AAE6C854-9031-4394-9995-EE38B6088F37}
		{F4783BB9-02A3-4FB7-864F-3B94219519E3} = {F3210600-0254-4B9E-93F2-78820B9C3FE1}
		{CAB0BBC2-A6EB-4065-9E71-FD86746696C2} = {F3210600-0254-4B9E-93F2-78820B9C3FE1}
		{4CED344E-8BAC-48CB-AC37-A2C4AD7FFE02} = {F3210600-0254-4B9E-93F2-78820B9C3FE1}
		{B4894EA0-719A-4D14-9024-00F7FCA0E81B} = {F3210600-0254-4B9E-93F2-78820B9C3FE1}
		{64A4BB2E-67F7-4BAE-AAFE-747B660CD3D1} = {AAE6C854-9031-4394-9995-EE38B6088F37}
		{700D5AB7-622F-443E-AE55-D51556EC88BD} = {AAE6C854-9031-4394-9995-EE38B6088F37}
		{8509BDC3-C3BE-424D-A027-C7B50AFC5BFA} = {AAE6C854-9031-4394-9995-EE38B6088F37}
		{DB2FCC23-BEFB-44CD-8F9B-EC1702AEDF57} = {AAE6C854-9031-4394-9995-EE38B6088F37}
		{C4E9D638-21F4-4451-B9AA-362B7BFBDC98} = {AAE6C854-9031-4394-9995-EE38B6088F37}
		{21503EE2-6EB3-425E-A0AC-DC8B892D96F6} = {E0C0FCA7-0649-4401-847A-46F2D5104DB9}
		{6E30AC56-43A5-4D2A-BB9B-CD259EDA7591} = {E0C0FCA7-0649-4401-847A-46F2D5104DB9}
		{594D60D7-15AF-4CB3-BEEB-1017E624D08C} = {F3447404-FFFF-4649-8407-DEBC6370C676}
		{F3210600-0254-4B9E-93F2-78820B9C3FE1} = {AAE6C854-9031-4394-9995-EE38B6088F37}
		{91B354D2-62AE-46F7-9D52-FE84E568E1C5} = {AAE6C854-9031-4394-9995-EE38B6088F37}
		{778BF63B-456A-4F5B-8057-487F5A053006} = {AAE6C854-9031-4394-9995-EE38B6088F37}
		{763C0CC5-3E07-4AE2-8846-FE3B919D1B3A} = {AAE6C854-9031-4394-9995-EE38B6088F37}
		{CD0ED517-2595-413D-9822-2B33A7876842} = {F3210600-0254-4B9E-93F2-78820B9C3FE1}
		{05197E1E-8C28-4DA9-9DD8-A8C95C8238B0} = {9463CAC4-EC1A-4B44-BEDE-A67DF266AC1B}
		{04225F22-1D1E-4599-A498-E90CE8414D1E} = {9463CAC4-EC1A-4B44-BEDE-A67DF266AC1B}
		{86FC31C7-F972-4AED-9216-EF1C224065D9} = {9463CAC4-EC1A-4B44-BEDE-A67DF266AC1B}
		{63E2639E-CA6C-49CF-AC2A-BE1D82574718} = {9463CAC4-EC1A-4B44-BEDE-A67DF266AC1B}
		{AE0262F6-63FC-45AF-BBFD-9F0916D4AD23} = {F3210600-0254-4B9E-93F2-78820B9C3FE1}
		{C9160E27-003A-466B-BB08-A51435D509AA} = {F3210600-0254-4B9E-93F2-78820B9C3FE1}
		{C0D84302-9BB3-4AD0-9CEB-3CA7EFFF5F4D} = {927FED4B-50ED-4FFB-A790-5624F5519777}
		{FEB79DD3-BDCD-4A92-A49C-81C2181319FB} = {927FED4B-50ED-4FFB-A790-5624F5519777}
		{A1F91D38-124C-4AE6-9BB2-FD668FDEBA39} = {927FED4B-50ED-4FFB-A790-5624F5519777}
		{3D826B2A-BAC8-42D4-8B7F-84E66C82864B} = {30F4E4F2-CBE5-461F-99BE-ECD77E691898}
		{BD10941E-997A-450B-9D91-392FF39B9F9F} = {AAE6C854-9031-4394-9995-EE38B6088F37}
		{660912D6-5032-479A-8F22-4DE44DE1FD48} = {30F4E4F2-CBE5-461F-99BE-ECD77E691898}
		{28B64E7D-0EF4-45D7-AA73-C1FF5F9F94EF} = {9463CAC4-EC1A-4B44-BEDE-A67DF266AC1B}
		{675E2A2F-3115-436D-B4D0-B5D80CC04553} = {927FED4B-50ED-4FFB-A790-5624F5519777}
		{C85E1444-83D0-4120-A789-7671D5C8A560} = {30F4E4F2-CBE5-461F-99BE-ECD77E691898}
		{F63C4B60-A3AE-4C54-910C-A46FD2D1A409} = {E0C0FCA7-0649-4401-847A-46F2D5104DB9}
	EndGlobalSection
	GlobalSection(ExtensibilityGlobals) = postSolution
		SolutionGuid = {CA2998DE-E2E3-44CE-8F1A-AF68572B3E0D}
	EndGlobalSection
EndGlobal
