
Microsoft Visual Studio Solution File, Format Version 12.00
# Visual Studio 15
VisualStudioVersion = 15.0.27004.2005
MinimumVisualStudioVersion = 10.0.40219.1
Project("{FAE04EC0-301F-11D3-BF4B-00C04F79EFBC}") = "Axiverse", "Axiverse\Axiverse.csproj", "{F00060A0-3A63-485C-929B-5F206EE743EF}"
EndProject
Project("{FAE04EC0-301F-11D3-BF4B-00C04F79EFBC}") = "Axiverse.Simulation", "Axiverse.Simulation\Axiverse.Simulation.csproj", "{C4E9D638-21F4-4451-B9AA-362B7BFBDC98}"
EndProject
Project("{FAE04EC0-301F-11D3-BF4B-00C04F79EFBC}") = "Axiverse.Mathematics", "Axiverse.Mathematics\Axiverse.Mathematics.csproj", "{700D5AB7-622F-443E-AE55-D51556EC88BD}"
EndProject
Project("{FAE04EC0-301F-11D3-BF4B-00C04F79EFBC}") = "Axiverse.Interface", "Axiverse.Interface\Axiverse.Interface.csproj", "{A95E24EB-7271-460A-A49D-A56F71F44B5F}"
EndProject
Project("{FAE04EC0-301F-11D3-BF4B-00C04F79EFBC}") = "Axiverse.Computing", "Axiverse.Computing\Axiverse.Computing.csproj", "{3C0724AB-B232-44D0-A265-FBD4A36754DB}"
EndProject
Global
	GlobalSection(SolutionConfigurationPlatforms) = preSolution
		Debug|Any CPU = Debug|Any CPU
		Release|Any CPU = Release|Any CPU
	EndGlobalSection
	GlobalSection(ProjectConfigurationPlatforms) = postSolution
		{F00060A0-3A63-485C-929B-5F206EE743EF}.Debug|Any CPU.ActiveCfg = Debug|Any CPU
		{F00060A0-3A63-485C-929B-5F206EE743EF}.Debug|Any CPU.Build.0 = Debug|Any CPU
		{F00060A0-3A63-485C-929B-5F206EE743EF}.Release|Any CPU.ActiveCfg = Release|Any CPU
		{F00060A0-3A63-485C-929B-5F206EE743EF}.Release|Any CPU.Build.0 = Release|Any CPU
		{C4E9D638-21F4-4451-B9AA-362B7BFBDC98}.Debug|Any CPU.ActiveCfg = Debug|Any CPU
		{C4E9D638-21F4-4451-B9AA-362B7BFBDC98}.Debug|Any CPU.Build.0 = Debug|Any CPU
		{C4E9D638-21F4-4451-B9AA-362B7BFBDC98}.Release|Any CPU.ActiveCfg = Release|Any CPU
		{C4E9D638-21F4-4451-B9AA-362B7BFBDC98}.Release|Any CPU.Build.0 = Release|Any CPU
		{700D5AB7-622F-443E-AE55-D51556EC88BD}.Debug|Any CPU.ActiveCfg = Debug|Any CPU
		{700D5AB7-622F-443E-AE55-D51556EC88BD}.Debug|Any CPU.Build.0 = Debug|Any CPU
		{700D5AB7-622F-443E-AE55-D51556EC88BD}.Release|Any CPU.ActiveCfg = Release|Any CPU
		{700D5AB7-622F-443E-AE55-D51556EC88BD}.Release|Any CPU.Build.0 = Release|Any CPU
		{A95E24EB-7271-460A-A49D-A56F71F44B5F}.Debug|Any CPU.ActiveCfg = Debug|Any CPU
		{A95E24EB-7271-460A-A49D-A56F71F44B5F}.Debug|Any CPU.Build.0 = Debug|Any CPU
		{A95E24EB-7271-460A-A49D-A56F71F44B5F}.Release|Any CPU.ActiveCfg = Release|Any CPU
		{A95E24EB-7271-460A-A49D-A56F71F44B5F}.Release|Any CPU.Build.0 = Release|Any CPU
		{3C0724AB-B232-44D0-A265-FBD4A36754DB}.Debug|Any CPU.ActiveCfg = Debug|Any CPU
		{3C0724AB-B232-44D0-A265-FBD4A36754DB}.Debug|Any CPU.Build.0 = Debug|Any CPU
		{3C0724AB-B232-44D0-A265-FBD4A36754DB}.Release|Any CPU.ActiveCfg = Release|Any CPU
		{3C0724AB-B232-44D0-A265-FBD4A36754DB}.Release|Any CPU.Build.0 = Release|Any CPU
	EndGlobalSection
	GlobalSection(SolutionProperties) = preSolution
		HideSolutionNode = FALSE
	EndGlobalSection
	GlobalSection(ExtensibilityGlobals) = postSolution
		SolutionGuid = {CA2998DE-E2E3-44CE-8F1A-AF68572B3E0D}
	EndGlobalSection
EndGlobal
